
Microsoft Visual Studio Solution File, Format Version 12.00
# Visual Studio Version 16
VisualStudioVersion = 16.0.33529.622
MinimumVisualStudioVersion = 10.0.40219.1
Project("{FAE04EC0-301F-11D3-BF4B-00C04F79EFBC}") = "WpfApp1", "WpfApp1.csproj", "{7C5713B6-D448-4B72-9193-BF3459FDF97A}"
EndProject
Global
	GlobalSection(SolutionConfigurationPlatforms) = preSolution
		Debug|Any CPU = Debug|Any CPU
		Release|Any CPU = Release|Any CPU
	EndGlobalSection
	GlobalSection(ProjectConfigurationPlatforms) = postSolution
		{7C5713B6-D448-4B72-9193-BF3459FDF97A}.Debug|Any CPU.ActiveCfg = Debug|Any CPU
		{7C5713B6-D448-4B72-9193-BF3459FDF97A}.Debug|Any CPU.Build.0 = Debug|Any CPU
		{7C5713B6-D448-4B72-9193-BF3459FDF97A}.Release|Any CPU.ActiveCfg = Release|Any CPU
		{7C5713B6-D448-4B72-9193-BF3459FDF97A}.Release|Any CPU.Build.0 = Release|Any CPU
	EndGlobalSection
	GlobalSection(SolutionProperties) = preSolution
		HideSolutionNode = FALSE
	EndGlobalSection
	GlobalSection(ExtensibilityGlobals) = postSolution
		SolutionGuid = {0FA6F0D2-A0B0-457F-B0F0-71DE3ED6A496}
	EndGlobalSection
EndGlobal
